// !$*UTF8*$!
{
	archiveVersion = 1;
	classes = {
	};
	objectVersion = 51;
	objects = {

/* Begin PBXBuildFile section */
		393141DE26B4F68B00C03A58 /* GoogleService-Info.plist in Resources */ = {isa = PBXBuildFile; fileRef = 393141DD26B4F68B00C03A58 /* GoogleService-Info.plist */; };
		393DDBCB26AE0DE900AC7CAE /* InstructionsJorneyTableViewCell.swift in Sources */ = {isa = PBXBuildFile; fileRef = 393DDBC926AE0DE900AC7CAE /* InstructionsJorneyTableViewCell.swift */; };
		393DDBCC26AE0DE900AC7CAE /* InstructionsJorneyTableViewCell.xib in Resources */ = {isa = PBXBuildFile; fileRef = 393DDBCA26AE0DE900AC7CAE /* InstructionsJorneyTableViewCell.xib */; };
		393DDBCF26AE12C000AC7CAE /* HowToDo.swift in Sources */ = {isa = PBXBuildFile; fileRef = 393DDBCE26AE12C000AC7CAE /* HowToDo.swift */; };
		393DDBD226AE131D00AC7CAE /* StepToDo.swift in Sources */ = {isa = PBXBuildFile; fileRef = 393DDBD126AE131D00AC7CAE /* StepToDo.swift */; };
		39853F5726B4F55B004AA3E2 /* ImageResource.swift in Sources */ = {isa = PBXBuildFile; fileRef = 39853F5626B4F55B004AA3E2 /* ImageResource.swift */; };
		39B0923D26B59C7300F33164 /* Store.storyboard in Resources */ = {isa = PBXBuildFile; fileRef = 39B0923B26B59C7300F33164 /* Store.storyboard */; };
		39B7E1E926AE26C600EE0BA1 /* BtnJourneyTableViewCell.swift in Sources */ = {isa = PBXBuildFile; fileRef = 39B7E1E726AE26C600EE0BA1 /* BtnJourneyTableViewCell.swift */; };
		39B7E1EA26AE26C600EE0BA1 /* BtnJourneyTableViewCell.xib in Resources */ = {isa = PBXBuildFile; fileRef = 39B7E1E826AE26C600EE0BA1 /* BtnJourneyTableViewCell.xib */; };
		39C88AE526B5A0580021B645 /* Sell.storyboard in Resources */ = {isa = PBXBuildFile; fileRef = 39C88AE326B5A0580021B645 /* Sell.storyboard */; };
		39C88AE926B5A0B80021B645 /* Journey.storyboard in Resources */ = {isa = PBXBuildFile; fileRef = 39C88AE726B5A0B80021B645 /* Journey.storyboard */; };
		885BA9F626AC977500A5A63D /* MainViewController.swift in Sources */ = {isa = PBXBuildFile; fileRef = 885BA9F526AC977500A5A63D /* MainViewController.swift */; };
		885BAA0426ACB64A00A5A63D /* SellViewController.swift in Sources */ = {isa = PBXBuildFile; fileRef = 885BAA0326ACB64A00A5A63D /* SellViewController.swift */; };
		885BAA0826ACB9B400A5A63D /* GeneralConfig.swift in Sources */ = {isa = PBXBuildFile; fileRef = 885BAA0726ACB9B400A5A63D /* GeneralConfig.swift */; };
		8890BF2026AC336F003BC0D3 /* AppDelegate.swift in Sources */ = {isa = PBXBuildFile; fileRef = 8890BF1F26AC336F003BC0D3 /* AppDelegate.swift */; };
		8890BF2226AC336F003BC0D3 /* SceneDelegate.swift in Sources */ = {isa = PBXBuildFile; fileRef = 8890BF2126AC336F003BC0D3 /* SceneDelegate.swift */; };
		8890BF2426AC336F003BC0D3 /* ViewController.swift in Sources */ = {isa = PBXBuildFile; fileRef = 8890BF2326AC336F003BC0D3 /* ViewController.swift */; };
		8890BF2726AC336F003BC0D3 /* Main.storyboard in Resources */ = {isa = PBXBuildFile; fileRef = 8890BF2526AC336F003BC0D3 /* Main.storyboard */; };
		8890BF2926AC3373003BC0D3 /* Assets.xcassets in Resources */ = {isa = PBXBuildFile; fileRef = 8890BF2826AC3373003BC0D3 /* Assets.xcassets */; };
		8890BF2C26AC3373003BC0D3 /* LaunchScreen.storyboard in Resources */ = {isa = PBXBuildFile; fileRef = 8890BF2A26AC3373003BC0D3 /* LaunchScreen.storyboard */; };
		8890BF4026AC62C0003BC0D3 /* Singleton.swift in Sources */ = {isa = PBXBuildFile; fileRef = 8890BF3F26AC62C0003BC0D3 /* Singleton.swift */; };
		8890BF4426AC7AAF003BC0D3 /* ApiResource.swift in Sources */ = {isa = PBXBuildFile; fileRef = 8890BF4326AC7AAF003BC0D3 /* ApiResource.swift */; };
		8890BF4826AC7FAD003BC0D3 /* JourneyRepository.swift in Sources */ = {isa = PBXBuildFile; fileRef = 8890BF4726AC7FAD003BC0D3 /* JourneyRepository.swift */; };
		88AC8A3226ACD7CB001A4C82 /* JourneyViewController.swift in Sources */ = {isa = PBXBuildFile; fileRef = 88AC8A3126ACD7CA001A4C82 /* JourneyViewController.swift */; };
		88AC8A3726ACDB84001A4C82 /* ProblemTableViewCell.swift in Sources */ = {isa = PBXBuildFile; fileRef = 88AC8A3526ACDB84001A4C82 /* ProblemTableViewCell.swift */; };
		88AC8A3826ACDB84001A4C82 /* ProblemTableViewCell.xib in Resources */ = {isa = PBXBuildFile; fileRef = 88AC8A3626ACDB84001A4C82 /* ProblemTableViewCell.xib */; };
		88AC8A3D26ACDE4C001A4C82 /* Nunito-Regular.ttf in Resources */ = {isa = PBXBuildFile; fileRef = 88AC8A3B26ACDE4B001A4C82 /* Nunito-Regular.ttf */; };
		88AC8A3E26ACDE4C001A4C82 /* Nunito-Bold.ttf in Resources */ = {isa = PBXBuildFile; fileRef = 88AC8A3C26ACDE4B001A4C82 /* Nunito-Bold.ttf */; };
		88F1829126AD20F600DAE65C /* ProductJourneyTableViewCell.swift in Sources */ = {isa = PBXBuildFile; fileRef = 88F1828F26AD20F600DAE65C /* ProductJourneyTableViewCell.swift */; };
		88F1829226AD20F600DAE65C /* ProductJourneyTableViewCell.xib in Resources */ = {isa = PBXBuildFile; fileRef = 88F1829026AD20F600DAE65C /* ProductJourneyTableViewCell.xib */; };
		88F1829426AD212B00DAE65C /* ProductJourneyViewController.swift in Sources */ = {isa = PBXBuildFile; fileRef = 88F1829326AD212B00DAE65C /* ProductJourneyViewController.swift */; };
		88F1829626AD8BA800DAE65C /* Question.swift in Sources */ = {isa = PBXBuildFile; fileRef = 88F1829526AD8BA800DAE65C /* Question.swift */; };
		88F1829A26AD8DF900DAE65C /* StoreViewController.swift in Sources */ = {isa = PBXBuildFile; fileRef = 88F1829926AD8DF900DAE65C /* StoreViewController.swift */; };
		88F1829C26AD910300DAE65C /* Questions.swift in Sources */ = {isa = PBXBuildFile; fileRef = 88F1829B26AD910300DAE65C /* Questions.swift */; };
		88F1829E26AD9A3D00DAE65C /* Product.swift in Sources */ = {isa = PBXBuildFile; fileRef = 88F1829D26AD9A3D00DAE65C /* Product.swift */; };
		88F182A326ADB74100DAE65C /* StoreCollectionViewCell.swift in Sources */ = {isa = PBXBuildFile; fileRef = 88F182A126ADB74000DAE65C /* StoreCollectionViewCell.swift */; };
		88F182A426ADB74100DAE65C /* StoreCollectionViewCell.xib in Resources */ = {isa = PBXBuildFile; fileRef = 88F182A226ADB74000DAE65C /* StoreCollectionViewCell.xib */; };
		88F182A726ADD38100DAE65C /* StoreCollectionTableViewCell.swift in Sources */ = {isa = PBXBuildFile; fileRef = 88F182A526ADD38100DAE65C /* StoreCollectionTableViewCell.swift */; };
		88F182A826ADD38100DAE65C /* StoreCollectionTableViewCell.xib in Resources */ = {isa = PBXBuildFile; fileRef = 88F182A626ADD38100DAE65C /* StoreCollectionTableViewCell.xib */; };
		88F182AC26ADD8F300DAE65C /* StoreItems.swift in Sources */ = {isa = PBXBuildFile; fileRef = 88F182AB26ADD8F300DAE65C /* StoreItems.swift */; };
		88F182AE26ADDC7400DAE65C /* StoreItem.swift in Sources */ = {isa = PBXBuildFile; fileRef = 88F182AD26ADDC7400DAE65C /* StoreItem.swift */; };
		88F182B026ADDE1200DAE65C /* Item.swift in Sources */ = {isa = PBXBuildFile; fileRef = 88F182AF26ADDE1200DAE65C /* Item.swift */; };
		88F182B226ADDEA700DAE65C /* Seller.swift in Sources */ = {isa = PBXBuildFile; fileRef = 88F182B126ADDEA700DAE65C /* Seller.swift */; };
		88F182B426ADEB6F00DAE65C /* StoreRepository.swift in Sources */ = {isa = PBXBuildFile; fileRef = 88F182B326ADEB6F00DAE65C /* StoreRepository.swift */; };
		88F182B626ADF2FB00DAE65C /* InstructionsJourneyViewController.swift in Sources */ = {isa = PBXBuildFile; fileRef = 88F182B526ADF2FA00DAE65C /* InstructionsJourneyViewController.swift */; };
		88F182B826AE22F100DAE65C /* SelectedStoreViewController.swift in Sources */ = {isa = PBXBuildFile; fileRef = 88F182B726AE22F000DAE65C /* SelectedStoreViewController.swift */; };
		88F182BA26AE46DD00DAE65C /* SellRepository.swift in Sources */ = {isa = PBXBuildFile; fileRef = 88F182B926AE46DD00DAE65C /* SellRepository.swift */; };
		88F182BD26AE492100DAE65C /* CreateItems.swift in Sources */ = {isa = PBXBuildFile; fileRef = 88F182BC26AE492100DAE65C /* CreateItems.swift */; };
		88F182BF26AE496700DAE65C /* CreateItem.swift in Sources */ = {isa = PBXBuildFile; fileRef = 88F182BE26AE496700DAE65C /* CreateItem.swift */; };
		92BA77CF8404F73BA8A90F0D /* Pods_hackaApp_iOS.framework in Frameworks */ = {isa = PBXBuildFile; fileRef = EDFDE071E0B6B58D319DAB55 /* Pods_hackaApp_iOS.framework */; };
/* End PBXBuildFile section */

/* Begin PBXFileReference section */
		29C600295D4875222E28A28C /* Pods-hackaApp-iOS.release.xcconfig */ = {isa = PBXFileReference; includeInIndex = 1; lastKnownFileType = text.xcconfig; name = "Pods-hackaApp-iOS.release.xcconfig"; path = "Target Support Files/Pods-hackaApp-iOS/Pods-hackaApp-iOS.release.xcconfig"; sourceTree = "<group>"; };
		393141DD26B4F68B00C03A58 /* GoogleService-Info.plist */ = {isa = PBXFileReference; fileEncoding = 4; lastKnownFileType = text.plist.xml; path = "GoogleService-Info.plist"; sourceTree = "<group>"; };
		393DDBC926AE0DE900AC7CAE /* InstructionsJorneyTableViewCell.swift */ = {isa = PBXFileReference; lastKnownFileType = sourcecode.swift; path = InstructionsJorneyTableViewCell.swift; sourceTree = "<group>"; };
		393DDBCA26AE0DE900AC7CAE /* InstructionsJorneyTableViewCell.xib */ = {isa = PBXFileReference; lastKnownFileType = file.xib; path = InstructionsJorneyTableViewCell.xib; sourceTree = "<group>"; };
		393DDBCE26AE12C000AC7CAE /* HowToDo.swift */ = {isa = PBXFileReference; lastKnownFileType = sourcecode.swift; path = HowToDo.swift; sourceTree = "<group>"; };
		393DDBD126AE131D00AC7CAE /* StepToDo.swift */ = {isa = PBXFileReference; lastKnownFileType = sourcecode.swift; path = StepToDo.swift; sourceTree = "<group>"; };
		39853F5626B4F55B004AA3E2 /* ImageResource.swift */ = {isa = PBXFileReference; fileEncoding = 4; lastKnownFileType = sourcecode.swift; path = ImageResource.swift; sourceTree = "<group>"; };
		39B0923C26B59C7300F33164 /* Base */ = {isa = PBXFileReference; lastKnownFileType = file.storyboard; name = Base; path = Base.lproj/Store.storyboard; sourceTree = "<group>"; };
		39B7E1E726AE26C600EE0BA1 /* BtnJourneyTableViewCell.swift */ = {isa = PBXFileReference; lastKnownFileType = sourcecode.swift; path = BtnJourneyTableViewCell.swift; sourceTree = "<group>"; };
		39B7E1E826AE26C600EE0BA1 /* BtnJourneyTableViewCell.xib */ = {isa = PBXFileReference; lastKnownFileType = file.xib; path = BtnJourneyTableViewCell.xib; sourceTree = "<group>"; };
		39C88AE426B5A0580021B645 /* Base */ = {isa = PBXFileReference; lastKnownFileType = file.storyboard; name = Base; path = Base.lproj/Sell.storyboard; sourceTree = "<group>"; };
		39C88AE826B5A0B80021B645 /* Base */ = {isa = PBXFileReference; lastKnownFileType = file.storyboard; name = Base; path = Base.lproj/Journey.storyboard; sourceTree = "<group>"; };
		885BA9F526AC977500A5A63D /* MainViewController.swift */ = {isa = PBXFileReference; lastKnownFileType = sourcecode.swift; path = MainViewController.swift; sourceTree = "<group>"; };
		885BAA0326ACB64A00A5A63D /* SellViewController.swift */ = {isa = PBXFileReference; lastKnownFileType = sourcecode.swift; path = SellViewController.swift; sourceTree = "<group>"; };
		885BAA0726ACB9B400A5A63D /* GeneralConfig.swift */ = {isa = PBXFileReference; lastKnownFileType = sourcecode.swift; path = GeneralConfig.swift; sourceTree = "<group>"; };
		8890BF1C26AC336F003BC0D3 /* hackaApp-iOS.app */ = {isa = PBXFileReference; explicitFileType = wrapper.application; includeInIndex = 0; path = "hackaApp-iOS.app"; sourceTree = BUILT_PRODUCTS_DIR; };
		8890BF1F26AC336F003BC0D3 /* AppDelegate.swift */ = {isa = PBXFileReference; lastKnownFileType = sourcecode.swift; path = AppDelegate.swift; sourceTree = "<group>"; };
		8890BF2126AC336F003BC0D3 /* SceneDelegate.swift */ = {isa = PBXFileReference; lastKnownFileType = sourcecode.swift; path = SceneDelegate.swift; sourceTree = "<group>"; };
		8890BF2326AC336F003BC0D3 /* ViewController.swift */ = {isa = PBXFileReference; lastKnownFileType = sourcecode.swift; path = ViewController.swift; sourceTree = "<group>"; };
		8890BF2626AC336F003BC0D3 /* Base */ = {isa = PBXFileReference; lastKnownFileType = file.storyboard; name = Base; path = Base.lproj/Main.storyboard; sourceTree = "<group>"; };
		8890BF2826AC3373003BC0D3 /* Assets.xcassets */ = {isa = PBXFileReference; lastKnownFileType = folder.assetcatalog; path = Assets.xcassets; sourceTree = "<group>"; };
		8890BF2B26AC3373003BC0D3 /* Base */ = {isa = PBXFileReference; lastKnownFileType = file.storyboard; name = Base; path = Base.lproj/LaunchScreen.storyboard; sourceTree = "<group>"; };
		8890BF2D26AC3373003BC0D3 /* Info.plist */ = {isa = PBXFileReference; lastKnownFileType = text.plist.xml; path = Info.plist; sourceTree = "<group>"; };
		8890BF3F26AC62C0003BC0D3 /* Singleton.swift */ = {isa = PBXFileReference; lastKnownFileType = sourcecode.swift; path = Singleton.swift; sourceTree = "<group>"; };
		8890BF4326AC7AAF003BC0D3 /* ApiResource.swift */ = {isa = PBXFileReference; lastKnownFileType = sourcecode.swift; path = ApiResource.swift; sourceTree = "<group>"; };
		8890BF4726AC7FAD003BC0D3 /* JourneyRepository.swift */ = {isa = PBXFileReference; lastKnownFileType = sourcecode.swift; path = JourneyRepository.swift; sourceTree = "<group>"; };
		88AC8A3126ACD7CA001A4C82 /* JourneyViewController.swift */ = {isa = PBXFileReference; lastKnownFileType = sourcecode.swift; path = JourneyViewController.swift; sourceTree = "<group>"; };
		88AC8A3526ACDB84001A4C82 /* ProblemTableViewCell.swift */ = {isa = PBXFileReference; lastKnownFileType = sourcecode.swift; path = ProblemTableViewCell.swift; sourceTree = "<group>"; };
		88AC8A3626ACDB84001A4C82 /* ProblemTableViewCell.xib */ = {isa = PBXFileReference; lastKnownFileType = file.xib; path = ProblemTableViewCell.xib; sourceTree = "<group>"; };
		88AC8A3B26ACDE4B001A4C82 /* Nunito-Regular.ttf */ = {isa = PBXFileReference; lastKnownFileType = file; path = "Nunito-Regular.ttf"; sourceTree = "<group>"; };
		88AC8A3C26ACDE4B001A4C82 /* Nunito-Bold.ttf */ = {isa = PBXFileReference; lastKnownFileType = file; path = "Nunito-Bold.ttf"; sourceTree = "<group>"; };
		88F1828F26AD20F600DAE65C /* ProductJourneyTableViewCell.swift */ = {isa = PBXFileReference; lastKnownFileType = sourcecode.swift; path = ProductJourneyTableViewCell.swift; sourceTree = "<group>"; };
		88F1829026AD20F600DAE65C /* ProductJourneyTableViewCell.xib */ = {isa = PBXFileReference; lastKnownFileType = file.xib; path = ProductJourneyTableViewCell.xib; sourceTree = "<group>"; };
		88F1829326AD212B00DAE65C /* ProductJourneyViewController.swift */ = {isa = PBXFileReference; lastKnownFileType = sourcecode.swift; path = ProductJourneyViewController.swift; sourceTree = "<group>"; };
		88F1829526AD8BA800DAE65C /* Question.swift */ = {isa = PBXFileReference; lastKnownFileType = sourcecode.swift; path = Question.swift; sourceTree = "<group>"; };
		88F1829926AD8DF900DAE65C /* StoreViewController.swift */ = {isa = PBXFileReference; lastKnownFileType = sourcecode.swift; path = StoreViewController.swift; sourceTree = "<group>"; };
		88F1829B26AD910300DAE65C /* Questions.swift */ = {isa = PBXFileReference; lastKnownFileType = sourcecode.swift; path = Questions.swift; sourceTree = "<group>"; };
		88F1829D26AD9A3D00DAE65C /* Product.swift */ = {isa = PBXFileReference; lastKnownFileType = sourcecode.swift; path = Product.swift; sourceTree = "<group>"; };
		88F182A126ADB74000DAE65C /* StoreCollectionViewCell.swift */ = {isa = PBXFileReference; lastKnownFileType = sourcecode.swift; path = StoreCollectionViewCell.swift; sourceTree = "<group>"; };
		88F182A226ADB74000DAE65C /* StoreCollectionViewCell.xib */ = {isa = PBXFileReference; lastKnownFileType = file.xib; path = StoreCollectionViewCell.xib; sourceTree = "<group>"; };
		88F182A526ADD38100DAE65C /* StoreCollectionTableViewCell.swift */ = {isa = PBXFileReference; lastKnownFileType = sourcecode.swift; path = StoreCollectionTableViewCell.swift; sourceTree = "<group>"; };
		88F182A626ADD38100DAE65C /* StoreCollectionTableViewCell.xib */ = {isa = PBXFileReference; lastKnownFileType = file.xib; path = StoreCollectionTableViewCell.xib; sourceTree = "<group>"; };
		88F182AB26ADD8F300DAE65C /* StoreItems.swift */ = {isa = PBXFileReference; lastKnownFileType = sourcecode.swift; path = StoreItems.swift; sourceTree = "<group>"; };
		88F182AD26ADDC7400DAE65C /* StoreItem.swift */ = {isa = PBXFileReference; lastKnownFileType = sourcecode.swift; path = StoreItem.swift; sourceTree = "<group>"; };
		88F182AF26ADDE1200DAE65C /* Item.swift */ = {isa = PBXFileReference; lastKnownFileType = sourcecode.swift; path = Item.swift; sourceTree = "<group>"; };
		88F182B126ADDEA700DAE65C /* Seller.swift */ = {isa = PBXFileReference; lastKnownFileType = sourcecode.swift; path = Seller.swift; sourceTree = "<group>"; };
		88F182B326ADEB6F00DAE65C /* StoreRepository.swift */ = {isa = PBXFileReference; lastKnownFileType = sourcecode.swift; path = StoreRepository.swift; sourceTree = "<group>"; };
		88F182B526ADF2FA00DAE65C /* InstructionsJourneyViewController.swift */ = {isa = PBXFileReference; lastKnownFileType = sourcecode.swift; path = InstructionsJourneyViewController.swift; sourceTree = "<group>"; };
		88F182B726AE22F000DAE65C /* SelectedStoreViewController.swift */ = {isa = PBXFileReference; lastKnownFileType = sourcecode.swift; path = SelectedStoreViewController.swift; sourceTree = "<group>"; };
		88F182B926AE46DD00DAE65C /* SellRepository.swift */ = {isa = PBXFileReference; lastKnownFileType = sourcecode.swift; path = SellRepository.swift; sourceTree = "<group>"; };
		88F182BC26AE492100DAE65C /* CreateItems.swift */ = {isa = PBXFileReference; lastKnownFileType = sourcecode.swift; path = CreateItems.swift; sourceTree = "<group>"; };
		88F182BE26AE496700DAE65C /* CreateItem.swift */ = {isa = PBXFileReference; lastKnownFileType = sourcecode.swift; path = CreateItem.swift; sourceTree = "<group>"; };
		BBC8596CF11E22577ECC03A1 /* Pods-hackaApp-iOS.debug.xcconfig */ = {isa = PBXFileReference; includeInIndex = 1; lastKnownFileType = text.xcconfig; name = "Pods-hackaApp-iOS.debug.xcconfig"; path = "Target Support Files/Pods-hackaApp-iOS/Pods-hackaApp-iOS.debug.xcconfig"; sourceTree = "<group>"; };
		EDFDE071E0B6B58D319DAB55 /* Pods_hackaApp_iOS.framework */ = {isa = PBXFileReference; explicitFileType = wrapper.framework; includeInIndex = 0; path = Pods_hackaApp_iOS.framework; sourceTree = BUILT_PRODUCTS_DIR; };
/* End PBXFileReference section */

/* Begin PBXFrameworksBuildPhase section */
		8890BF1926AC336F003BC0D3 /* Frameworks */ = {
			isa = PBXFrameworksBuildPhase;
			buildActionMask = 2147483647;
			files = (
				92BA77CF8404F73BA8A90F0D /* Pods_hackaApp_iOS.framework in Frameworks */,
			);
			runOnlyForDeploymentPostprocessing = 0;
		};
/* End PBXFrameworksBuildPhase section */

/* Begin PBXGroup section */
		885BA9F126AC85B100A5A63D /* Controller */ = {
			isa = PBXGroup;
			children = (
				88AC8A2F26ACD74B001A4C82 /* Journey Controllers */,
				88AC8A2A26ACCA43001A4C82 /* Store Controllers */,
				885BAA0226ACB62C00A5A63D /* Sell Controllers */,
				885BA9F526AC977500A5A63D /* MainViewController.swift */,
			);
			path = Controller;
			sourceTree = "<group>";
		};
		885BAA0226ACB62C00A5A63D /* Sell Controllers */ = {
			isa = PBXGroup;
			children = (
				885BAA0326ACB64A00A5A63D /* SellViewController.swift */,
			);
			path = "Sell Controllers";
			sourceTree = "<group>";
		};
		8890BF1326AC336F003BC0D3 = {
			isa = PBXGroup;
			children = (
				8890BF1E26AC336F003BC0D3 /* hackaApp-iOS */,
				8890BF1D26AC336F003BC0D3 /* Products */,
				AF7F646AF9A2DD2BD9D4FF03 /* Pods */,
				88AC8A3A26ACDE1B001A4C82 /* Fonts */,
				C9DF0E32DD74B0ECDEBD44FE /* Frameworks */,
			);
			sourceTree = "<group>";
		};
		8890BF1D26AC336F003BC0D3 /* Products */ = {
			isa = PBXGroup;
			children = (
				8890BF1C26AC336F003BC0D3 /* hackaApp-iOS.app */,
			);
			name = Products;
			sourceTree = "<group>";
		};
		8890BF1E26AC336F003BC0D3 /* hackaApp-iOS */ = {
			isa = PBXGroup;
			children = (
				8890BF4226AC7A91003BC0D3 /* Resource */,
				8890BF3626AC3850003BC0D3 /* Model */,
				8890BF3526AC37D2003BC0D3 /* Repository */,
				885BA9F126AC85B100A5A63D /* Controller */,
				8890BF3826AC3910003BC0D3 /* Storyboards */,
				8890BF1F26AC336F003BC0D3 /* AppDelegate.swift */,
				8890BF2126AC336F003BC0D3 /* SceneDelegate.swift */,
				8890BF2326AC336F003BC0D3 /* ViewController.swift */,
				8890BF2826AC3373003BC0D3 /* Assets.xcassets */,
				8890BF2A26AC3373003BC0D3 /* LaunchScreen.storyboard */,
				393141DD26B4F68B00C03A58 /* GoogleService-Info.plist */,
				8890BF2D26AC3373003BC0D3 /* Info.plist */,
			);
			path = "hackaApp-iOS";
			sourceTree = "<group>";
		};
		8890BF3526AC37D2003BC0D3 /* Repository */ = {
			isa = PBXGroup;
			children = (
				8890BF4726AC7FAD003BC0D3 /* JourneyRepository.swift */,
				88F182B326ADEB6F00DAE65C /* StoreRepository.swift */,
				88F182B926AE46DD00DAE65C /* SellRepository.swift */,
			);
			path = Repository;
			sourceTree = "<group>";
		};
		8890BF3626AC3850003BC0D3 /* Model */ = {
			isa = PBXGroup;
			children = (
				8890BF3F26AC62C0003BC0D3 /* Singleton.swift */,
				885BAA0726ACB9B400A5A63D /* GeneralConfig.swift */,
				88F182A926ADD86C00DAE65C /* Journey Model */,
				88F182AA26ADD88500DAE65C /* Store Model */,
				88F182BB26AE478400DAE65C /* Sell Model */,
			);
			path = Model;
			sourceTree = "<group>";
		};
		8890BF3826AC3910003BC0D3 /* Storyboards */ = {
			isa = PBXGroup;
			children = (
				8890BF2526AC336F003BC0D3 /* Main.storyboard */,
				39C88AE726B5A0B80021B645 /* Journey.storyboard */,
				39B0923B26B59C7300F33164 /* Store.storyboard */,
				39C88AE326B5A0580021B645 /* Sell.storyboard */,
			);
			path = Storyboards;
			sourceTree = "<group>";
		};
		8890BF4226AC7A91003BC0D3 /* Resource */ = {
			isa = PBXGroup;
			children = (
				39853F5626B4F55B004AA3E2 /* ImageResource.swift */,
				8890BF4326AC7AAF003BC0D3 /* ApiResource.swift */,
			);
			path = Resource;
			sourceTree = "<group>";
		};
		88AC8A2A26ACCA43001A4C82 /* Store Controllers */ = {
			isa = PBXGroup;
			children = (
				88F1829F26ADB5FE00DAE65C /* Collection Cells */,
				88F182A026ADB61400DAE65C /* Table Cells */,
				88F1829926AD8DF900DAE65C /* StoreViewController.swift */,
				88F182B726AE22F000DAE65C /* SelectedStoreViewController.swift */,
			);
			path = "Store Controllers";
			sourceTree = "<group>";
		};
		88AC8A2F26ACD74B001A4C82 /* Journey Controllers */ = {
			isa = PBXGroup;
			children = (
				88AC8A3426ACDB0E001A4C82 /* Table cells */,
				88AC8A3126ACD7CA001A4C82 /* JourneyViewController.swift */,
				88F1829326AD212B00DAE65C /* ProductJourneyViewController.swift */,
				88F182B526ADF2FA00DAE65C /* InstructionsJourneyViewController.swift */,
			);
			path = "Journey Controllers";
			sourceTree = "<group>";
		};
		88AC8A3426ACDB0E001A4C82 /* Table cells */ = {
			isa = PBXGroup;
			children = (
				88AC8A3526ACDB84001A4C82 /* ProblemTableViewCell.swift */,
				88AC8A3626ACDB84001A4C82 /* ProblemTableViewCell.xib */,
				88F1828F26AD20F600DAE65C /* ProductJourneyTableViewCell.swift */,
				88F1829026AD20F600DAE65C /* ProductJourneyTableViewCell.xib */,
				393DDBC926AE0DE900AC7CAE /* InstructionsJorneyTableViewCell.swift */,
				393DDBCA26AE0DE900AC7CAE /* InstructionsJorneyTableViewCell.xib */,
				39B7E1E726AE26C600EE0BA1 /* BtnJourneyTableViewCell.swift */,
				39B7E1E826AE26C600EE0BA1 /* BtnJourneyTableViewCell.xib */,
			);
			path = "Table cells";
			sourceTree = "<group>";
		};
		88AC8A3A26ACDE1B001A4C82 /* Fonts */ = {
			isa = PBXGroup;
			children = (
				88AC8A3C26ACDE4B001A4C82 /* Nunito-Bold.ttf */,
				88AC8A3B26ACDE4B001A4C82 /* Nunito-Regular.ttf */,
			);
			path = Fonts;
			sourceTree = "<group>";
		};
		88F1829F26ADB5FE00DAE65C /* Collection Cells */ = {
			isa = PBXGroup;
			children = (
				88F182A126ADB74000DAE65C /* StoreCollectionViewCell.swift */,
				88F182A226ADB74000DAE65C /* StoreCollectionViewCell.xib */,
			);
			path = "Collection Cells";
			sourceTree = "<group>";
		};
		88F182A026ADB61400DAE65C /* Table Cells */ = {
			isa = PBXGroup;
			children = (
				88F182A526ADD38100DAE65C /* StoreCollectionTableViewCell.swift */,
				88F182A626ADD38100DAE65C /* StoreCollectionTableViewCell.xib */,
			);
			path = "Table Cells";
			sourceTree = "<group>";
		};
		88F182A926ADD86C00DAE65C /* Journey Model */ = {
			isa = PBXGroup;
			children = (
				88F1829B26AD910300DAE65C /* Questions.swift */,
				88F1829526AD8BA800DAE65C /* Question.swift */,
				88F1829D26AD9A3D00DAE65C /* Product.swift */,
				393DDBCE26AE12C000AC7CAE /* HowToDo.swift */,
				393DDBD126AE131D00AC7CAE /* StepToDo.swift */,
			);
			path = "Journey Model";
			sourceTree = "<group>";
		};
		88F182AA26ADD88500DAE65C /* Store Model */ = {
			isa = PBXGroup;
			children = (
				88F182AB26ADD8F300DAE65C /* StoreItems.swift */,
				88F182AD26ADDC7400DAE65C /* StoreItem.swift */,
				88F182AF26ADDE1200DAE65C /* Item.swift */,
				88F182B126ADDEA700DAE65C /* Seller.swift */,
			);
			path = "Store Model";
			sourceTree = "<group>";
		};
		88F182BB26AE478400DAE65C /* Sell Model */ = {
			isa = PBXGroup;
			children = (
				88F182BC26AE492100DAE65C /* CreateItems.swift */,
				88F182BE26AE496700DAE65C /* CreateItem.swift */,
			);
			path = "Sell Model";
			sourceTree = "<group>";
		};
		AF7F646AF9A2DD2BD9D4FF03 /* Pods */ = {
			isa = PBXGroup;
			children = (
				BBC8596CF11E22577ECC03A1 /* Pods-hackaApp-iOS.debug.xcconfig */,
				29C600295D4875222E28A28C /* Pods-hackaApp-iOS.release.xcconfig */,
			);
			path = Pods;
			sourceTree = "<group>";
		};
		C9DF0E32DD74B0ECDEBD44FE /* Frameworks */ = {
			isa = PBXGroup;
			children = (
				EDFDE071E0B6B58D319DAB55 /* Pods_hackaApp_iOS.framework */,
			);
			name = Frameworks;
			sourceTree = "<group>";
		};
/* End PBXGroup section */

/* Begin PBXNativeTarget section */
		8890BF1B26AC336F003BC0D3 /* hackaApp-iOS */ = {
			isa = PBXNativeTarget;
			buildConfigurationList = 8890BF3026AC3373003BC0D3 /* Build configuration list for PBXNativeTarget "hackaApp-iOS" */;
			buildPhases = (
				68CD6123C32EA0C6182BD21B /* [CP] Check Pods Manifest.lock */,
				8890BF1826AC336F003BC0D3 /* Sources */,
				8890BF1926AC336F003BC0D3 /* Frameworks */,
				8890BF1A26AC336F003BC0D3 /* Resources */,
				BFED531F133569A1429D5F4C /* [CP] Embed Pods Frameworks */,
				09D9595B7A84B93A096CB09F /* [CP] Copy Pods Resources */,
			);
			buildRules = (
			);
			dependencies = (
			);
			name = "hackaApp-iOS";
			productName = "hackaApp-iOS";
			productReference = 8890BF1C26AC336F003BC0D3 /* hackaApp-iOS.app */;
			productType = "com.apple.product-type.application";
		};
/* End PBXNativeTarget section */

/* Begin PBXProject section */
		8890BF1426AC336F003BC0D3 /* Project object */ = {
			isa = PBXProject;
			attributes = {
				LastSwiftUpdateCheck = 1240;
				LastUpgradeCheck = 1240;
				TargetAttributes = {
					8890BF1B26AC336F003BC0D3 = {
						CreatedOnToolsVersion = 12.4;
					};
				};
			};
			buildConfigurationList = 8890BF1726AC336F003BC0D3 /* Build configuration list for PBXProject "hackaApp-iOS" */;
			compatibilityVersion = "Xcode 9.3";
			developmentRegion = en;
			hasScannedForEncodings = 0;
			knownRegions = (
				en,
				Base,
			);
			mainGroup = 8890BF1326AC336F003BC0D3;
			productRefGroup = 8890BF1D26AC336F003BC0D3 /* Products */;
			projectDirPath = "";
			projectRoot = "";
			targets = (
				8890BF1B26AC336F003BC0D3 /* hackaApp-iOS */,
			);
		};
/* End PBXProject section */

/* Begin PBXResourcesBuildPhase section */
		8890BF1A26AC336F003BC0D3 /* Resources */ = {
			isa = PBXResourcesBuildPhase;
			buildActionMask = 2147483647;
			files = (
				88AC8A3826ACDB84001A4C82 /* ProblemTableViewCell.xib in Resources */,
				39B7E1EA26AE26C600EE0BA1 /* BtnJourneyTableViewCell.xib in Resources */,
				393141DE26B4F68B00C03A58 /* GoogleService-Info.plist in Resources */,
				8890BF2C26AC3373003BC0D3 /* LaunchScreen.storyboard in Resources */,
				88F182A426ADB74100DAE65C /* StoreCollectionViewCell.xib in Resources */,
				88AC8A3D26ACDE4C001A4C82 /* Nunito-Regular.ttf in Resources */,
				88F1829226AD20F600DAE65C /* ProductJourneyTableViewCell.xib in Resources */,
				88AC8A3E26ACDE4C001A4C82 /* Nunito-Bold.ttf in Resources */,
				8890BF2926AC3373003BC0D3 /* Assets.xcassets in Resources */,
				39B0923D26B59C7300F33164 /* Store.storyboard in Resources */,
				8890BF2726AC336F003BC0D3 /* Main.storyboard in Resources */,
				88F182A826ADD38100DAE65C /* StoreCollectionTableViewCell.xib in Resources */,
				39C88AE526B5A0580021B645 /* Sell.storyboard in Resources */,
				39C88AE926B5A0B80021B645 /* Journey.storyboard in Resources */,
				393DDBCC26AE0DE900AC7CAE /* InstructionsJorneyTableViewCell.xib in Resources */,
			);
			runOnlyForDeploymentPostprocessing = 0;
		};
/* End PBXResourcesBuildPhase section */

/* Begin PBXShellScriptBuildPhase section */
		09D9595B7A84B93A096CB09F /* [CP] Copy Pods Resources */ = {
			isa = PBXShellScriptBuildPhase;
			buildActionMask = 2147483647;
			files = (
			);
			inputFileListPaths = (
				"${PODS_ROOT}/Target Support Files/Pods-hackaApp-iOS/Pods-hackaApp-iOS-resources-${CONFIGURATION}-input-files.xcfilelist",
			);
			name = "[CP] Copy Pods Resources";
			outputFileListPaths = (
				"${PODS_ROOT}/Target Support Files/Pods-hackaApp-iOS/Pods-hackaApp-iOS-resources-${CONFIGURATION}-output-files.xcfilelist",
			);
			runOnlyForDeploymentPostprocessing = 0;
			shellPath = /bin/sh;
			shellScript = "\"${PODS_ROOT}/Target Support Files/Pods-hackaApp-iOS/Pods-hackaApp-iOS-resources.sh\"\n";
			showEnvVarsInLog = 0;
		};
		68CD6123C32EA0C6182BD21B /* [CP] Check Pods Manifest.lock */ = {
			isa = PBXShellScriptBuildPhase;
			buildActionMask = 2147483647;
			files = (
			);
			inputFileListPaths = (
			);
			inputPaths = (
				"${PODS_PODFILE_DIR_PATH}/Podfile.lock",
				"${PODS_ROOT}/Manifest.lock",
			);
			name = "[CP] Check Pods Manifest.lock";
			outputFileListPaths = (
			);
			outputPaths = (
				"$(DERIVED_FILE_DIR)/Pods-hackaApp-iOS-checkManifestLockResult.txt",
			);
			runOnlyForDeploymentPostprocessing = 0;
			shellPath = /bin/sh;
			shellScript = "diff \"${PODS_PODFILE_DIR_PATH}/Podfile.lock\" \"${PODS_ROOT}/Manifest.lock\" > /dev/null\nif [ $? != 0 ] ; then\n    # print error to STDERR\n    echo \"error: The sandbox is not in sync with the Podfile.lock. Run 'pod install' or update your CocoaPods installation.\" >&2\n    exit 1\nfi\n# This output is used by Xcode 'outputs' to avoid re-running this script phase.\necho \"SUCCESS\" > \"${SCRIPT_OUTPUT_FILE_0}\"\n";
			showEnvVarsInLog = 0;
		};
		BFED531F133569A1429D5F4C /* [CP] Embed Pods Frameworks */ = {
			isa = PBXShellScriptBuildPhase;
			buildActionMask = 2147483647;
			files = (
			);
			inputFileListPaths = (
				"${PODS_ROOT}/Target Support Files/Pods-hackaApp-iOS/Pods-hackaApp-iOS-frameworks-${CONFIGURATION}-input-files.xcfilelist",
			);
			name = "[CP] Embed Pods Frameworks";
			outputFileListPaths = (
				"${PODS_ROOT}/Target Support Files/Pods-hackaApp-iOS/Pods-hackaApp-iOS-frameworks-${CONFIGURATION}-output-files.xcfilelist",
			);
			runOnlyForDeploymentPostprocessing = 0;
			shellPath = /bin/sh;
			shellScript = "\"${PODS_ROOT}/Target Support Files/Pods-hackaApp-iOS/Pods-hackaApp-iOS-frameworks.sh\"\n";
			showEnvVarsInLog = 0;
		};
/* End PBXShellScriptBuildPhase section */

/* Begin PBXSourcesBuildPhase section */
		8890BF1826AC336F003BC0D3 /* Sources */ = {
			isa = PBXSourcesBuildPhase;
			buildActionMask = 2147483647;
			files = (
				88F182B226ADDEA700DAE65C /* Seller.swift in Sources */,
				885BA9F626AC977500A5A63D /* MainViewController.swift in Sources */,
				88AC8A3726ACDB84001A4C82 /* ProblemTableViewCell.swift in Sources */,
				88F182B626ADF2FB00DAE65C /* InstructionsJourneyViewController.swift in Sources */,
				88F1829626AD8BA800DAE65C /* Question.swift in Sources */,
				88F182BF26AE496700DAE65C /* CreateItem.swift in Sources */,
				39B7E1E926AE26C600EE0BA1 /* BtnJourneyTableViewCell.swift in Sources */,
				88F182AE26ADDC7400DAE65C /* StoreItem.swift in Sources */,
				88F1829426AD212B00DAE65C /* ProductJourneyViewController.swift in Sources */,
				393DDBD226AE131D00AC7CAE /* StepToDo.swift in Sources */,
				393DDBCF26AE12C000AC7CAE /* HowToDo.swift in Sources */,
				8890BF2426AC336F003BC0D3 /* ViewController.swift in Sources */,
				88F182B026ADDE1200DAE65C /* Item.swift in Sources */,
				88F1829C26AD910300DAE65C /* Questions.swift in Sources */,
				88F182AC26ADD8F300DAE65C /* StoreItems.swift in Sources */,
				88F182BA26AE46DD00DAE65C /* SellRepository.swift in Sources */,
				88F1829E26AD9A3D00DAE65C /* Product.swift in Sources */,
				88F1829A26AD8DF900DAE65C /* StoreViewController.swift in Sources */,
				88F182BD26AE492100DAE65C /* CreateItems.swift in Sources */,
				88F182A726ADD38100DAE65C /* StoreCollectionTableViewCell.swift in Sources */,
				885BAA0426ACB64A00A5A63D /* SellViewController.swift in Sources */,
				88F182B826AE22F100DAE65C /* SelectedStoreViewController.swift in Sources */,
				8890BF4026AC62C0003BC0D3 /* Singleton.swift in Sources */,
				88F182A326ADB74100DAE65C /* StoreCollectionViewCell.swift in Sources */,
				8890BF2026AC336F003BC0D3 /* AppDelegate.swift in Sources */,
				39853F5726B4F55B004AA3E2 /* ImageResource.swift in Sources */,
				8890BF4426AC7AAF003BC0D3 /* ApiResource.swift in Sources */,
				8890BF4826AC7FAD003BC0D3 /* JourneyRepository.swift in Sources */,
				88F1829126AD20F600DAE65C /* ProductJourneyTableViewCell.swift in Sources */,
				393DDBCB26AE0DE900AC7CAE /* InstructionsJorneyTableViewCell.swift in Sources */,
				8890BF2226AC336F003BC0D3 /* SceneDelegate.swift in Sources */,
				88F182B426ADEB6F00DAE65C /* StoreRepository.swift in Sources */,
				88AC8A3226ACD7CB001A4C82 /* JourneyViewController.swift in Sources */,
				885BAA0826ACB9B400A5A63D /* GeneralConfig.swift in Sources */,
			);
			runOnlyForDeploymentPostprocessing = 0;
		};
/* End PBXSourcesBuildPhase section */

/* Begin PBXVariantGroup section */
		39B0923B26B59C7300F33164 /* Store.storyboard */ = {
			isa = PBXVariantGroup;
			children = (
				39B0923C26B59C7300F33164 /* Base */,
			);
			name = Store.storyboard;
			sourceTree = "<group>";
		};
		39C88AE326B5A0580021B645 /* Sell.storyboard */ = {
			isa = PBXVariantGroup;
			children = (
				39C88AE426B5A0580021B645 /* Base */,
			);
			name = Sell.storyboard;
			sourceTree = "<group>";
		};
		39C88AE726B5A0B80021B645 /* Journey.storyboard */ = {
			isa = PBXVariantGroup;
			children = (
				39C88AE826B5A0B80021B645 /* Base */,
			);
			name = Journey.storyboard;
			sourceTree = "<group>";
		};
		8890BF2526AC336F003BC0D3 /* Main.storyboard */ = {
			isa = PBXVariantGroup;
			children = (
				8890BF2626AC336F003BC0D3 /* Base */,
			);
			name = Main.storyboard;
			sourceTree = "<group>";
		};
		8890BF2A26AC3373003BC0D3 /* LaunchScreen.storyboard */ = {
			isa = PBXVariantGroup;
			children = (
				8890BF2B26AC3373003BC0D3 /* Base */,
			);
			name = LaunchScreen.storyboard;
			sourceTree = "<group>";
		};
/* End PBXVariantGroup section */

/* Begin XCBuildConfiguration section */
		8890BF2E26AC3373003BC0D3 /* Debug */ = {
			isa = XCBuildConfiguration;
			buildSettings = {
				ALWAYS_SEARCH_USER_PATHS = NO;
				CLANG_ANALYZER_NONNULL = YES;
				CLANG_ANALYZER_NUMBER_OBJECT_CONVERSION = YES_AGGRESSIVE;
				CLANG_CXX_LANGUAGE_STANDARD = "gnu++14";
				CLANG_CXX_LIBRARY = "libc++";
				CLANG_ENABLE_MODULES = YES;
				CLANG_ENABLE_OBJC_ARC = YES;
				CLANG_ENABLE_OBJC_WEAK = YES;
				CLANG_WARN_BLOCK_CAPTURE_AUTORELEASING = YES;
				CLANG_WARN_BOOL_CONVERSION = YES;
				CLANG_WARN_COMMA = YES;
				CLANG_WARN_CONSTANT_CONVERSION = YES;
				CLANG_WARN_DEPRECATED_OBJC_IMPLEMENTATIONS = YES;
				CLANG_WARN_DIRECT_OBJC_ISA_USAGE = YES_ERROR;
				CLANG_WARN_DOCUMENTATION_COMMENTS = YES;
				CLANG_WARN_EMPTY_BODY = YES;
				CLANG_WARN_ENUM_CONVERSION = YES;
				CLANG_WARN_INFINITE_RECURSION = YES;
				CLANG_WARN_INT_CONVERSION = YES;
				CLANG_WARN_NON_LITERAL_NULL_CONVERSION = YES;
				CLANG_WARN_OBJC_IMPLICIT_RETAIN_SELF = YES;
				CLANG_WARN_OBJC_LITERAL_CONVERSION = YES;
				CLANG_WARN_OBJC_ROOT_CLASS = YES_ERROR;
				CLANG_WARN_QUOTED_INCLUDE_IN_FRAMEWORK_HEADER = YES;
				CLANG_WARN_RANGE_LOOP_ANALYSIS = YES;
				CLANG_WARN_STRICT_PROTOTYPES = YES;
				CLANG_WARN_SUSPICIOUS_MOVE = YES;
				CLANG_WARN_UNGUARDED_AVAILABILITY = YES_AGGRESSIVE;
				CLANG_WARN_UNREACHABLE_CODE = YES;
				CLANG_WARN__DUPLICATE_METHOD_MATCH = YES;
				COPY_PHASE_STRIP = NO;
				DEBUG_INFORMATION_FORMAT = dwarf;
				ENABLE_STRICT_OBJC_MSGSEND = YES;
				ENABLE_TESTABILITY = YES;
				GCC_C_LANGUAGE_STANDARD = gnu11;
				GCC_DYNAMIC_NO_PIC = NO;
				GCC_NO_COMMON_BLOCKS = YES;
				GCC_OPTIMIZATION_LEVEL = 0;
				GCC_PREPROCESSOR_DEFINITIONS = (
					"DEBUG=1",
					"$(inherited)",
				);
				GCC_WARN_64_TO_32_BIT_CONVERSION = YES;
				GCC_WARN_ABOUT_RETURN_TYPE = YES_ERROR;
				GCC_WARN_UNDECLARED_SELECTOR = YES;
				GCC_WARN_UNINITIALIZED_AUTOS = YES_AGGRESSIVE;
				GCC_WARN_UNUSED_FUNCTION = YES;
				GCC_WARN_UNUSED_VARIABLE = YES;
				IPHONEOS_DEPLOYMENT_TARGET = 14.4;
				MTL_ENABLE_DEBUG_INFO = INCLUDE_SOURCE;
				MTL_FAST_MATH = YES;
				ONLY_ACTIVE_ARCH = YES;
				SDKROOT = iphoneos;
				SWIFT_ACTIVE_COMPILATION_CONDITIONS = DEBUG;
				SWIFT_OPTIMIZATION_LEVEL = "-Onone";
			};
			name = Debug;
		};
		8890BF2F26AC3373003BC0D3 /* Release */ = {
			isa = XCBuildConfiguration;
			buildSettings = {
				ALWAYS_SEARCH_USER_PATHS = NO;
				CLANG_ANALYZER_NONNULL = YES;
				CLANG_ANALYZER_NUMBER_OBJECT_CONVERSION = YES_AGGRESSIVE;
				CLANG_CXX_LANGUAGE_STANDARD = "gnu++14";
				CLANG_CXX_LIBRARY = "libc++";
				CLANG_ENABLE_MODULES = YES;
				CLANG_ENABLE_OBJC_ARC = YES;
				CLANG_ENABLE_OBJC_WEAK = YES;
				CLANG_WARN_BLOCK_CAPTURE_AUTORELEASING = YES;
				CLANG_WARN_BOOL_CONVERSION = YES;
				CLANG_WARN_COMMA = YES;
				CLANG_WARN_CONSTANT_CONVERSION = YES;
				CLANG_WARN_DEPRECATED_OBJC_IMPLEMENTATIONS = YES;
				CLANG_WARN_DIRECT_OBJC_ISA_USAGE = YES_ERROR;
				CLANG_WARN_DOCUMENTATION_COMMENTS = YES;
				CLANG_WARN_EMPTY_BODY = YES;
				CLANG_WARN_ENUM_CONVERSION = YES;
				CLANG_WARN_INFINITE_RECURSION = YES;
				CLANG_WARN_INT_CONVERSION = YES;
				CLANG_WARN_NON_LITERAL_NULL_CONVERSION = YES;
				CLANG_WARN_OBJC_IMPLICIT_RETAIN_SELF = YES;
				CLANG_WARN_OBJC_LITERAL_CONVERSION = YES;
				CLANG_WARN_OBJC_ROOT_CLASS = YES_ERROR;
				CLANG_WARN_QUOTED_INCLUDE_IN_FRAMEWORK_HEADER = YES;
				CLANG_WARN_RANGE_LOOP_ANALYSIS = YES;
				CLANG_WARN_STRICT_PROTOTYPES = YES;
				CLANG_WARN_SUSPICIOUS_MOVE = YES;
				CLANG_WARN_UNGUARDED_AVAILABILITY = YES_AGGRESSIVE;
				CLANG_WARN_UNREACHABLE_CODE = YES;
				CLANG_WARN__DUPLICATE_METHOD_MATCH = YES;
				COPY_PHASE_STRIP = NO;
				DEBUG_INFORMATION_FORMAT = "dwarf-with-dsym";
				ENABLE_NS_ASSERTIONS = NO;
				ENABLE_STRICT_OBJC_MSGSEND = YES;
				GCC_C_LANGUAGE_STANDARD = gnu11;
				GCC_NO_COMMON_BLOCKS = YES;
				GCC_WARN_64_TO_32_BIT_CONVERSION = YES;
				GCC_WARN_ABOUT_RETURN_TYPE = YES_ERROR;
				GCC_WARN_UNDECLARED_SELECTOR = YES;
				GCC_WARN_UNINITIALIZED_AUTOS = YES_AGGRESSIVE;
				GCC_WARN_UNUSED_FUNCTION = YES;
				GCC_WARN_UNUSED_VARIABLE = YES;
				IPHONEOS_DEPLOYMENT_TARGET = 14.4;
				MTL_ENABLE_DEBUG_INFO = NO;
				MTL_FAST_MATH = YES;
				SDKROOT = iphoneos;
				SWIFT_COMPILATION_MODE = wholemodule;
				SWIFT_OPTIMIZATION_LEVEL = "-O";
				VALIDATE_PRODUCT = YES;
			};
			name = Release;
		};
		8890BF3126AC3373003BC0D3 /* Debug */ = {
			isa = XCBuildConfiguration;
			baseConfigurationReference = BBC8596CF11E22577ECC03A1 /* Pods-hackaApp-iOS.debug.xcconfig */;
			buildSettings = {
				ASSETCATALOG_COMPILER_APPICON_NAME = AppIcon;
				ASSETCATALOG_COMPILER_GLOBAL_ACCENT_COLOR_NAME = AccentColor;
				CODE_SIGN_IDENTITY = "Apple Development";
				CODE_SIGN_STYLE = Automatic;
				DEVELOPMENT_TEAM = GUL3CPS6RX;
				INFOPLIST_FILE = "hackaApp-iOS/Info.plist";
				LD_RUNPATH_SEARCH_PATHS = (
					"$(inherited)",
					"@executable_path/Frameworks",
				);
				PRODUCT_BUNDLE_IDENTIFIER = "br.com.hackaApp-iOS2";
				PRODUCT_NAME = "$(TARGET_NAME)";
				PROVISIONING_PROFILE_SPECIFIER = "";
				SWIFT_VERSION = 5.0;
				TARGETED_DEVICE_FAMILY = 1;
			};
			name = Debug;
		};
		8890BF3226AC3373003BC0D3 /* Release */ = {
			isa = XCBuildConfiguration;
			baseConfigurationReference = 29C600295D4875222E28A28C /* Pods-hackaApp-iOS.release.xcconfig */;
			buildSettings = {
				ASSETCATALOG_COMPILER_APPICON_NAME = AppIcon;
				ASSETCATALOG_COMPILER_GLOBAL_ACCENT_COLOR_NAME = AccentColor;
				CODE_SIGN_IDENTITY = "Apple Development";
				CODE_SIGN_STYLE = Automatic;
				DEVELOPMENT_TEAM = GUL3CPS6RX;
				INFOPLIST_FILE = "hackaApp-iOS/Info.plist";
				LD_RUNPATH_SEARCH_PATHS = (
					"$(inherited)",
					"@executable_path/Frameworks",
				);
				PRODUCT_BUNDLE_IDENTIFIER = "br.com.hackaApp-iOS2";
				PRODUCT_NAME = "$(TARGET_NAME)";
				PROVISIONING_PROFILE_SPECIFIER = "";
				SWIFT_VERSION = 5.0;
				TARGETED_DEVICE_FAMILY = 1;
			};
			name = Release;
		};
/* End XCBuildConfiguration section */

/* Begin XCConfigurationList section */
		8890BF1726AC336F003BC0D3 /* Build configuration list for PBXProject "hackaApp-iOS" */ = {
			isa = XCConfigurationList;
			buildConfigurations = (
				8890BF2E26AC3373003BC0D3 /* Debug */,
				8890BF2F26AC3373003BC0D3 /* Release */,
			);
			defaultConfigurationIsVisible = 0;
			defaultConfigurationName = Release;
		};
		8890BF3026AC3373003BC0D3 /* Build configuration list for PBXNativeTarget "hackaApp-iOS" */ = {
			isa = XCConfigurationList;
			buildConfigurations = (
				8890BF3126AC3373003BC0D3 /* Debug */,
				8890BF3226AC3373003BC0D3 /* Release */,
			);
			defaultConfigurationIsVisible = 0;
			defaultConfigurationName = Release;
		};
/* End XCConfigurationList section */
	};
	rootObject = 8890BF1426AC336F003BC0D3 /* Project object */;
}
